<?xml version="1.0" encoding="utf-8"?>
<Project ToolsVersion="4.0" xmlns="http://schemas.microsoft.com/developer/msbuild/2003">
  <ItemGroup>
    <Filter Include="ソース ファイル">
      <UniqueIdentifier>{4FC737F1-C7A5-4376-A066-2A32D752A2FF}</UniqueIdentifier>
      <Extensions>cpp;c;cc;cxx;c++;cppm;ixx;def;odl;idl;hpj;bat;asm;asmx</Extensions>
    </Filter>
    <Filter Include="ヘッダー ファイル">
      <UniqueIdentifier>{93995380-89BD-4b04-88EB-625FBE52EBFB}</UniqueIdentifier>
      <Extensions>h;hh;hpp;hxx;h++;hm;inl;inc;ipp;xsd</Extensions>
    </Filter>
    <Filter Include="リソース ファイル">
      <UniqueIdentifier>{67DA6AB6-F800-4c08-8B7A-83BB121AAD01}</UniqueIdentifier>
      <Extensions>rc;ico;cur;bmp;dlg;rc2;rct;bin;rgs;gif;jpg;jpeg;jpe;resx;tiff;tif;png;wav;mfcribbon-ms</Extensions>
    </Filter>
    <Filter Include="scene">
      <UniqueIdentifier>{099ce2a9-70cb-4342-893f-68fe15e61bab}</UniqueIdentifier>
    </Filter>
    <Filter Include="base">
      <UniqueIdentifier>{5fcc9a2b-a77e-490b-a957-cd20899d306f}</UniqueIdentifier>
    </Filter>
    <Filter Include="3d">
      <UniqueIdentifier>{3dc87866-0878-4916-b764-b3d868c7a2ce}</UniqueIdentifier>
    </Filter>
    <Filter Include="imgui">
      <UniqueIdentifier>{eb8c2f0a-1b5c-4303-9d2c-9ec9c7af90dd}</UniqueIdentifier>
    </Filter>
    <Filter Include="2d">
      <UniqueIdentifier>{36506b02-64da-440b-9ef3-2bfbe0235464}</UniqueIdentifier>
    </Filter>
    <Filter Include="input">
      <UniqueIdentifier>{66d2f639-a0ae-4af1-97b0-a7c7a4cc71f7}</UniqueIdentifier>
    </Filter>
    <Filter Include="utility">
      <UniqueIdentifier>{c7b6c02a-2805-48c0-9a11-b2239fbfd050}</UniqueIdentifier>
    </Filter>
  </ItemGroup>
  <ItemGroup>
    <ClCompile Include="main.cpp">
      <Filter>ソース ファイル</Filter>
    </ClCompile>
    <ClCompile Include="externals\imgui\imgui.cpp">
      <Filter>imgui</Filter>
    </ClCompile>
    <ClCompile Include="externals\imgui\imgui_demo.cpp">
      <Filter>imgui</Filter>
    </ClCompile>
    <ClCompile Include="externals\imgui\imgui_draw.cpp">
      <Filter>imgui</Filter>
    </ClCompile>
    <ClCompile Include="externals\imgui\imgui_impl_dx12.cpp">
      <Filter>imgui</Filter>
    </ClCompile>
    <ClCompile Include="externals\imgui\imgui_impl_win32.cpp">
      <Filter>imgui</Filter>
    </ClCompile>
    <ClCompile Include="externals\imgui\imgui_tables.cpp">
      <Filter>imgui</Filter>
    </ClCompile>
    <ClCompile Include="externals\imgui\imgui_widgets.cpp">
      <Filter>imgui</Filter>
    </ClCompile>
    <ClCompile Include="GameManager.cpp">
      <Filter>scene</Filter>
    </ClCompile>
    <ClCompile Include="GameScene.cpp">
      <Filter>scene</Filter>
    </ClCompile>
    <ClCompile Include="Function.cpp">
      <Filter>utility</Filter>
    </ClCompile>
    <ClCompile Include="MathFunction.cpp">
      <Filter>utility</Filter>
    </ClCompile>
    <ClCompile Include="ImGuiManeger.cpp">
      <Filter>utility</Filter>
    </ClCompile>
    <ClCompile Include="Camera.cpp">
      <Filter>utility</Filter>
    </ClCompile>
    <ClCompile Include="Sprite.cpp">
      <Filter>2d</Filter>
    </ClCompile>
    <ClCompile Include="Model.cpp">
      <Filter>3d</Filter>
    </ClCompile>
    <ClCompile Include="Sphere.cpp">
      <Filter>3d</Filter>
    </ClCompile>
    <ClCompile Include="DirectXCommon.cpp">
      <Filter>base</Filter>
    </ClCompile>
    <ClCompile Include="Mesh.cpp">
      <Filter>base</Filter>
    </ClCompile>
    <ClCompile Include="WinApp.cpp">
      <Filter>base</Filter>
    </ClCompile>
    <ClCompile Include="Input.cpp">
      <Filter>input</Filter>
    </ClCompile>
    <ClCompile Include="TextureManager.cpp">
      <Filter>ソース ファイル</Filter>
    </ClCompile>
    <ClCompile Include="Triangle.cpp">
      <Filter>3d</Filter>
    </ClCompile>
  </ItemGroup>
  <ItemGroup>
    <ClInclude Include="externals\imgui\imconfig.h">
      <Filter>imgui</Filter>
    </ClInclude>
    <ClInclude Include="externals\imgui\imgui.h">
      <Filter>imgui</Filter>
    </ClInclude>
    <ClInclude Include="externals\imgui\imgui_impl_dx12.h">
      <Filter>imgui</Filter>
    </ClInclude>
    <ClInclude Include="externals\imgui\imgui_impl_win32.h">
      <Filter>imgui</Filter>
    </ClInclude>
    <ClInclude Include="externals\imgui\imgui_internal.h">
      <Filter>imgui</Filter>
    </ClInclude>
    <ClInclude Include="externals\imgui\imstb_rectpack.h">
      <Filter>imgui</Filter>
    </ClInclude>
    <ClInclude Include="externals\imgui\imstb_textedit.h">
      <Filter>imgui</Filter>
    </ClInclude>
    <ClInclude Include="externals\imgui\imstb_truetype.h">
      <Filter>imgui</Filter>
    </ClInclude>
    <ClInclude Include="GameManager.h">
      <Filter>scene</Filter>
    </ClInclude>
    <ClInclude Include="GameScene.h">
      <Filter>scene</Filter>
    </ClInclude>
    <ClInclude Include="DirectXCommon.h">
      <Filter>base</Filter>
    </ClInclude>
    <ClInclude Include="WinApp.h">
      <Filter>base</Filter>
    </ClInclude>
    <ClInclude Include="Mesh.h">
      <Filter>base</Filter>
    </ClInclude>
    <ClInclude Include="Sphere.h">
      <Filter>3d</Filter>
    </ClInclude>
    <ClInclude Include="Model.h">
      <Filter>3d</Filter>
    </ClInclude>
    <ClInclude Include="Sprite.h">
      <Filter>2d</Filter>
    </ClInclude>
    <ClInclude Include="Input.h">
      <Filter>input</Filter>
    </ClInclude>
    <ClInclude Include="Function.h">
      <Filter>utility</Filter>
    </ClInclude>
    <ClInclude Include="MathFunction.h">
      <Filter>utility</Filter>
    </ClInclude>
    <ClInclude Include="ImGuiManeger.h">
      <Filter>utility</Filter>
    </ClInclude>
    <ClInclude Include="Camera.h">
      <Filter>utility</Filter>
    </ClInclude>
    <ClInclude Include="TextureManager.h">
      <Filter>ヘッダー ファイル</Filter>
    </ClInclude>
    <ClInclude Include="Triangle.h">
      <Filter>3d</Filter>
    </ClInclude>
  </ItemGroup>
  <ItemGroup>
    <Text Include="externals\imgui\LICENSE.txt">
      <Filter>imgui</Filter>
    </Text>
  </ItemGroup>
  <ItemGroup>
    <None Include="resources\Shaders\Object3d.hlsli" />
  </ItemGroup>
  <ItemGroup>
    <FxCompile Include="resources\Shaders\Object3d.PS.hlsl" />
    <FxCompile Include="resources\Shaders\Object3d.VS.hlsl" />
  </ItemGroup>
</Project>